// !$*UTF8*$!
{
	archiveVersion = 1;
	classes = {
	};
	objectVersion = 55;
	objects = {

/* Begin PBXBuildFile section */
		0426C08C27A82012000BBCF1 /* AppDelegate.swift in Sources */ = {isa = PBXBuildFile; fileRef = 0426C08B27A82012000BBCF1 /* AppDelegate.swift */; };
		0426C08E27A82012000BBCF1 /* SceneDelegate.swift in Sources */ = {isa = PBXBuildFile; fileRef = 0426C08D27A82012000BBCF1 /* SceneDelegate.swift */; };
		0426C09027A82012000BBCF1 /* ViewController.swift in Sources */ = {isa = PBXBuildFile; fileRef = 0426C08F27A82012000BBCF1 /* ViewController.swift */; };
		0426C09327A82012000BBCF1 /* Main.storyboard in Resources */ = {isa = PBXBuildFile; fileRef = 0426C09127A82012000BBCF1 /* Main.storyboard */; };
		0426C09527A82016000BBCF1 /* Assets.xcassets in Resources */ = {isa = PBXBuildFile; fileRef = 0426C09427A82016000BBCF1 /* Assets.xcassets */; };
		0426C09827A82016000BBCF1 /* LaunchScreen.storyboard in Resources */ = {isa = PBXBuildFile; fileRef = 0426C09627A82016000BBCF1 /* LaunchScreen.storyboard */; };
		0426C0A327A82017000BBCF1 /* TDDTests.swift in Sources */ = {isa = PBXBuildFile; fileRef = 0426C0A227A82017000BBCF1 /* TDDTests.swift */; };
		0426C0AD27A82017000BBCF1 /* TDDUITests.swift in Sources */ = {isa = PBXBuildFile; fileRef = 0426C0AC27A82017000BBCF1 /* TDDUITests.swift */; };
		0426C0AF27A82017000BBCF1 /* TDDUITestsLaunchTests.swift in Sources */ = {isa = PBXBuildFile; fileRef = 0426C0AE27A82017000BBCF1 /* TDDUITestsLaunchTests.swift */; };
/* End PBXBuildFile section */

/* Begin PBXContainerItemProxy section */
		0426C09F27A82017000BBCF1 /* PBXContainerItemProxy */ = {
			isa = PBXContainerItemProxy;
			containerPortal = 0426C08027A82012000BBCF1 /* Project object */;
			proxyType = 1;
			remoteGlobalIDString = 0426C08727A82012000BBCF1;
			remoteInfo = TDD;
		};
		0426C0A927A82017000BBCF1 /* PBXContainerItemProxy */ = {
			isa = PBXContainerItemProxy;
			containerPortal = 0426C08027A82012000BBCF1 /* Project object */;
			proxyType = 1;
			remoteGlobalIDString = 0426C08727A82012000BBCF1;
			remoteInfo = TDD;
		};
/* End PBXContainerItemProxy section */

/* Begin PBXFileReference section */
		0426C08827A82012000BBCF1 /* TDD.app */ = {isa = PBXFileReference; explicitFileType = wrapper.application; includeInIndex = 0; path = TDD.app; sourceTree = BUILT_PRODUCTS_DIR; };
		0426C08B27A82012000BBCF1 /* AppDelegate.swift */ = {isa = PBXFileReference; lastKnownFileType = sourcecode.swift; path = AppDelegate.swift; sourceTree = "<group>"; };
		0426C08D27A82012000BBCF1 /* SceneDelegate.swift */ = {isa = PBXFileReference; lastKnownFileType = sourcecode.swift; path = SceneDelegate.swift; sourceTree = "<group>"; };
		0426C08F27A82012000BBCF1 /* ViewController.swift */ = {isa = PBXFileReference; lastKnownFileType = sourcecode.swift; path = ViewController.swift; sourceTree = "<group>"; };
		0426C09227A82012000BBCF1 /* Base */ = {isa = PBXFileReference; lastKnownFileType = file.storyboard; name = Base; path = Base.lproj/Main.storyboard; sourceTree = "<group>"; };
		0426C09427A82016000BBCF1 /* Assets.xcassets */ = {isa = PBXFileReference; lastKnownFileType = folder.assetcatalog; path = Assets.xcassets; sourceTree = "<group>"; };
		0426C09727A82016000BBCF1 /* Base */ = {isa = PBXFileReference; lastKnownFileType = file.storyboard; name = Base; path = Base.lproj/LaunchScreen.storyboard; sourceTree = "<group>"; };
		0426C09927A82016000BBCF1 /* Info.plist */ = {isa = PBXFileReference; lastKnownFileType = text.plist.xml; path = Info.plist; sourceTree = "<group>"; };
		0426C09E27A82017000BBCF1 /* TDDTests.xctest */ = {isa = PBXFileReference; explicitFileType = wrapper.cfbundle; includeInIndex = 0; path = TDDTests.xctest; sourceTree = BUILT_PRODUCTS_DIR; };
		0426C0A227A82017000BBCF1 /* TDDTests.swift */ = {isa = PBXFileReference; lastKnownFileType = sourcecode.swift; path = TDDTests.swift; sourceTree = "<group>"; };
		0426C0A827A82017000BBCF1 /* TDDUITests.xctest */ = {isa = PBXFileReference; explicitFileType = wrapper.cfbundle; includeInIndex = 0; path = TDDUITests.xctest; sourceTree = BUILT_PRODUCTS_DIR; };
		0426C0AC27A82017000BBCF1 /* TDDUITests.swift */ = {isa = PBXFileReference; lastKnownFileType = sourcecode.swift; path = TDDUITests.swift; sourceTree = "<group>"; };
		0426C0AE27A82017000BBCF1 /* TDDUITestsLaunchTests.swift */ = {isa = PBXFileReference; lastKnownFileType = sourcecode.swift; path = TDDUITestsLaunchTests.swift; sourceTree = "<group>"; };
/* End PBXFileReference section */

/* Begin PBXFrameworksBuildPhase section */
		0426C08527A82012000BBCF1 /* Frameworks */ = {
			isa = PBXFrameworksBuildPhase;
			buildActionMask = 2147483647;
			files = (
			);
			runOnlyForDeploymentPostprocessing = 0;
		};
		0426C09B27A82017000BBCF1 /* Frameworks */ = {
			isa = PBXFrameworksBuildPhase;
			buildActionMask = 2147483647;
			files = (
			);
			runOnlyForDeploymentPostprocessing = 0;
		};
		0426C0A527A82017000BBCF1 /* Frameworks */ = {
			isa = PBXFrameworksBuildPhase;
			buildActionMask = 2147483647;
			files = (
			);
			runOnlyForDeploymentPostprocessing = 0;
		};
/* End PBXFrameworksBuildPhase section */

/* Begin PBXGroup section */
		0426C07F27A82012000BBCF1 = {
			isa = PBXGroup;
			children = (
				0426C08A27A82012000BBCF1 /* TDD */,
				0426C0A127A82017000BBCF1 /* TDDTests */,
				0426C0AB27A82017000BBCF1 /* TDDUITests */,
				0426C08927A82012000BBCF1 /* Products */,
			);
			sourceTree = "<group>";
		};
		0426C08927A82012000BBCF1 /* Products */ = {
			isa = PBXGroup;
			children = (
				0426C08827A82012000BBCF1 /* TDD.app */,
				0426C09E27A82017000BBCF1 /* TDDTests.xctest */,
				0426C0A827A82017000BBCF1 /* TDDUITests.xctest */,
			);
			name = Products;
			sourceTree = "<group>";
		};
		0426C08A27A82012000BBCF1 /* TDD */ = {
			isa = PBXGroup;
			children = (
				0426C08B27A82012000BBCF1 /* AppDelegate.swift */,
				0426C08D27A82012000BBCF1 /* SceneDelegate.swift */,
				0426C08F27A82012000BBCF1 /* ViewController.swift */,
				0426C09127A82012000BBCF1 /* Main.storyboard */,
				0426C09427A82016000BBCF1 /* Assets.xcassets */,
				0426C09627A82016000BBCF1 /* LaunchScreen.storyboard */,
				0426C09927A82016000BBCF1 /* Info.plist */,
			);
			path = TDD;
			sourceTree = "<group>";
		};
		0426C0A127A82017000BBCF1 /* TDDTests */ = {
			isa = PBXGroup;
			children = (
				0426C0A227A82017000BBCF1 /* TDDTests.swift */,
			);
			path = TDDTests;
			sourceTree = "<group>";
		};
		0426C0AB27A82017000BBCF1 /* TDDUITests */ = {
			isa = PBXGroup;
			children = (
				0426C0AC27A82017000BBCF1 /* TDDUITests.swift */,
				0426C0AE27A82017000BBCF1 /* TDDUITestsLaunchTests.swift */,
			);
			path = TDDUITests;
			sourceTree = "<group>";
		};
/* End PBXGroup section */

/* Begin PBXNativeTarget section */
		0426C08727A82012000BBCF1 /* TDD */ = {
			isa = PBXNativeTarget;
			buildConfigurationList = 0426C0B227A82017000BBCF1 /* Build configuration list for PBXNativeTarget "TDD" */;
			buildPhases = (
				0426C08427A82012000BBCF1 /* Sources */,
				0426C08527A82012000BBCF1 /* Frameworks */,
				0426C08627A82012000BBCF1 /* Resources */,
			);
			buildRules = (
			);
			dependencies = (
			);
			name = TDD;
			productName = TDD;
			productReference = 0426C08827A82012000BBCF1 /* TDD.app */;
			productType = "com.apple.product-type.application";
		};
		0426C09D27A82017000BBCF1 /* TDDTests */ = {
			isa = PBXNativeTarget;
			buildConfigurationList = 0426C0B527A82017000BBCF1 /* Build configuration list for PBXNativeTarget "TDDTests" */;
			buildPhases = (
				0426C09A27A82017000BBCF1 /* Sources */,
				0426C09B27A82017000BBCF1 /* Frameworks */,
				0426C09C27A82017000BBCF1 /* Resources */,
			);
			buildRules = (
			);
			dependencies = (
				0426C0A027A82017000BBCF1 /* PBXTargetDependency */,
			);
			name = TDDTests;
			productName = TDDTests;
			productReference = 0426C09E27A82017000BBCF1 /* TDDTests.xctest */;
			productType = "com.apple.product-type.bundle.unit-test";
		};
		0426C0A727A82017000BBCF1 /* TDDUITests */ = {
			isa = PBXNativeTarget;
			buildConfigurationList = 0426C0B827A82017000BBCF1 /* Build configuration list for PBXNativeTarget "TDDUITests" */;
			buildPhases = (
				0426C0A427A82017000BBCF1 /* Sources */,
				0426C0A527A82017000BBCF1 /* Frameworks */,
				0426C0A627A82017000BBCF1 /* Resources */,
			);
			buildRules = (
			);
			dependencies = (
				0426C0AA27A82017000BBCF1 /* PBXTargetDependency */,
			);
			name = TDDUITests;
			productName = TDDUITests;
			productReference = 0426C0A827A82017000BBCF1 /* TDDUITests.xctest */;
			productType = "com.apple.product-type.bundle.ui-testing";
		};
/* End PBXNativeTarget section */

/* Begin PBXProject section */
		0426C08027A82012000BBCF1 /* Project object */ = {
			isa = PBXProject;
			attributes = {
				BuildIndependentTargetsInParallel = 1;
				LastSwiftUpdateCheck = 1300;
				LastUpgradeCheck = 1300;
				TargetAttributes = {
					0426C08727A82012000BBCF1 = {
						CreatedOnToolsVersion = 13.0;
					};
					0426C09D27A82017000BBCF1 = {
						CreatedOnToolsVersion = 13.0;
						TestTargetID = 0426C08727A82012000BBCF1;
					};
					0426C0A727A82017000BBCF1 = {
						CreatedOnToolsVersion = 13.0;
						TestTargetID = 0426C08727A82012000BBCF1;
					};
				};
			};
			buildConfigurationList = 0426C08327A82012000BBCF1 /* Build configuration list for PBXProject "TDD" */;
			compatibilityVersion = "Xcode 13.0";
			developmentRegion = en;
			hasScannedForEncodings = 0;
			knownRegions = (
				en,
				Base,
			);
			mainGroup = 0426C07F27A82012000BBCF1;
			productRefGroup = 0426C08927A82012000BBCF1 /* Products */;
			projectDirPath = "";
			projectRoot = "";
			targets = (
				0426C08727A82012000BBCF1 /* TDD */,
				0426C09D27A82017000BBCF1 /* TDDTests */,
				0426C0A727A82017000BBCF1 /* TDDUITests */,
			);
		};
/* End PBXProject section */

/* Begin PBXResourcesBuildPhase section */
		0426C08627A82012000BBCF1 /* Resources */ = {
			isa = PBXResourcesBuildPhase;
			buildActionMask = 2147483647;
			files = (
				0426C09827A82016000BBCF1 /* LaunchScreen.storyboard in Resources */,
				0426C09527A82016000BBCF1 /* Assets.xcassets in Resources */,
				0426C09327A82012000BBCF1 /* Main.storyboard in Resources */,
			);
			runOnlyForDeploymentPostprocessing = 0;
		};
		0426C09C27A82017000BBCF1 /* Resources */ = {
			isa = PBXResourcesBuildPhase;
			buildActionMask = 2147483647;
			files = (
			);
			runOnlyForDeploymentPostprocessing = 0;
		};
		0426C0A627A82017000BBCF1 /* Resources */ = {
			isa = PBXResourcesBuildPhase;
			buildActionMask = 2147483647;
			files = (
			);
			runOnlyForDeploymentPostprocessing = 0;
		};
/* End PBXResourcesBuildPhase section */

/* Begin PBXSourcesBuildPhase section */
		0426C08427A82012000BBCF1 /* Sources */ = {
			isa = PBXSourcesBuildPhase;
			buildActionMask = 2147483647;
			files = (
				0426C09027A82012000BBCF1 /* ViewController.swift in Sources */,
				0426C08C27A82012000BBCF1 /* AppDelegate.swift in Sources */,
				0426C08E27A82012000BBCF1 /* SceneDelegate.swift in Sources */,
			);
			runOnlyForDeploymentPostprocessing = 0;
		};
		0426C09A27A82017000BBCF1 /* Sources */ = {
			isa = PBXSourcesBuildPhase;
			buildActionMask = 2147483647;
			files = (
				0426C0A327A82017000BBCF1 /* TDDTests.swift in Sources */,
			);
			runOnlyForDeploymentPostprocessing = 0;
		};
		0426C0A427A82017000BBCF1 /* Sources */ = {
			isa = PBXSourcesBuildPhase;
			buildActionMask = 2147483647;
			files = (
				0426C0AD27A82017000BBCF1 /* TDDUITests.swift in Sources */,
				0426C0AF27A82017000BBCF1 /* TDDUITestsLaunchTests.swift in Sources */,
			);
			runOnlyForDeploymentPostprocessing = 0;
		};
/* End PBXSourcesBuildPhase section */

/* Begin PBXTargetDependency section */
		0426C0A027A82017000BBCF1 /* PBXTargetDependency */ = {
			isa = PBXTargetDependency;
			target = 0426C08727A82012000BBCF1 /* TDD */;
			targetProxy = 0426C09F27A82017000BBCF1 /* PBXContainerItemProxy */;
		};
		0426C0AA27A82017000BBCF1 /* PBXTargetDependency */ = {
			isa = PBXTargetDependency;
			target = 0426C08727A82012000BBCF1 /* TDD */;
			targetProxy = 0426C0A927A82017000BBCF1 /* PBXContainerItemProxy */;
		};
/* End PBXTargetDependency section */

/* Begin PBXVariantGroup section */
		0426C09127A82012000BBCF1 /* Main.storyboard */ = {
			isa = PBXVariantGroup;
			children = (
				0426C09227A82012000BBCF1 /* Base */,
			);
			name = Main.storyboard;
			sourceTree = "<group>";
		};
		0426C09627A82016000BBCF1 /* LaunchScreen.storyboard */ = {
			isa = PBXVariantGroup;
			children = (
				0426C09727A82016000BBCF1 /* Base */,
			);
			name = LaunchScreen.storyboard;
			sourceTree = "<group>";
		};
/* End PBXVariantGroup section */

/* Begin XCBuildConfiguration section */
		0426C0B027A82017000BBCF1 /* Debug */ = {
			isa = XCBuildConfiguration;
			buildSettings = {
				ALWAYS_SEARCH_USER_PATHS = NO;
				CLANG_ANALYZER_NONNULL = YES;
				CLANG_ANALYZER_NUMBER_OBJECT_CONVERSION = YES_AGGRESSIVE;
				CLANG_CXX_LANGUAGE_STANDARD = "gnu++17";
				CLANG_CXX_LIBRARY = "libc++";
				CLANG_ENABLE_MODULES = YES;
				CLANG_ENABLE_OBJC_ARC = YES;
				CLANG_ENABLE_OBJC_WEAK = YES;
				CLANG_WARN_BLOCK_CAPTURE_AUTORELEASING = YES;
				CLANG_WARN_BOOL_CONVERSION = YES;
				CLANG_WARN_COMMA = YES;
				CLANG_WARN_CONSTANT_CONVERSION = YES;
				CLANG_WARN_DEPRECATED_OBJC_IMPLEMENTATIONS = YES;
				CLANG_WARN_DIRECT_OBJC_ISA_USAGE = YES_ERROR;
				CLANG_WARN_DOCUMENTATION_COMMENTS = YES;
				CLANG_WARN_EMPTY_BODY = YES;
				CLANG_WARN_ENUM_CONVERSION = YES;
				CLANG_WARN_INFINITE_RECURSION = YES;
				CLANG_WARN_INT_CONVERSION = YES;
				CLANG_WARN_NON_LITERAL_NULL_CONVERSION = YES;
				CLANG_WARN_OBJC_IMPLICIT_RETAIN_SELF = YES;
				CLANG_WARN_OBJC_LITERAL_CONVERSION = YES;
				CLANG_WARN_OBJC_ROOT_CLASS = YES_ERROR;
				CLANG_WARN_QUOTED_INCLUDE_IN_FRAMEWORK_HEADER = YES;
				CLANG_WARN_RANGE_LOOP_ANALYSIS = YES;
				CLANG_WARN_STRICT_PROTOTYPES = YES;
				CLANG_WARN_SUSPICIOUS_MOVE = YES;
				CLANG_WARN_UNGUARDED_AVAILABILITY = YES_AGGRESSIVE;
				CLANG_WARN_UNREACHABLE_CODE = YES;
				CLANG_WARN__DUPLICATE_METHOD_MATCH = YES;
				COPY_PHASE_STRIP = NO;
				DEBUG_INFORMATION_FORMAT = dwarf;
				ENABLE_STRICT_OBJC_MSGSEND = YES;
				ENABLE_TESTABILITY = YES;
				GCC_C_LANGUAGE_STANDARD = gnu11;
				GCC_DYNAMIC_NO_PIC = NO;
				GCC_NO_COMMON_BLOCKS = YES;
				GCC_OPTIMIZATION_LEVEL = 0;
				GCC_PREPROCESSOR_DEFINITIONS = (
					"DEBUG=1",
					"$(inherited)",
				);
				GCC_WARN_64_TO_32_BIT_CONVERSION = YES;
				GCC_WARN_ABOUT_RETURN_TYPE = YES_ERROR;
				GCC_WARN_UNDECLARED_SELECTOR = YES;
				GCC_WARN_UNINITIALIZED_AUTOS = YES_AGGRESSIVE;
				GCC_WARN_UNUSED_FUNCTION = YES;
				GCC_WARN_UNUSED_VARIABLE = YES;
				IPHONEOS_DEPLOYMENT_TARGET = 15.0;
				MTL_ENABLE_DEBUG_INFO = INCLUDE_SOURCE;
				MTL_FAST_MATH = YES;
				ONLY_ACTIVE_ARCH = YES;
				SDKROOT = iphoneos;
				SWIFT_ACTIVE_COMPILATION_CONDITIONS = DEBUG;
				SWIFT_OPTIMIZATION_LEVEL = "-Onone";
			};
			name = Debug;
		};
		0426C0B127A82017000BBCF1 /* Release */ = {
			isa = XCBuildConfiguration;
			buildSettings = {
				ALWAYS_SEARCH_USER_PATHS = NO;
				CLANG_ANALYZER_NONNULL = YES;
				CLANG_ANALYZER_NUMBER_OBJECT_CONVERSION = YES_AGGRESSIVE;
				CLANG_CXX_LANGUAGE_STANDARD = "gnu++17";
				CLANG_CXX_LIBRARY = "libc++";
				CLANG_ENABLE_MODULES = YES;
				CLANG_ENABLE_OBJC_ARC = YES;
				CLANG_ENABLE_OBJC_WEAK = YES;
				CLANG_WARN_BLOCK_CAPTURE_AUTORELEASING = YES;
				CLANG_WARN_BOOL_CONVERSION = YES;
				CLANG_WARN_COMMA = YES;
				CLANG_WARN_CONSTANT_CONVERSION = YES;
				CLANG_WARN_DEPRECATED_OBJC_IMPLEMENTATIONS = YES;
				CLANG_WARN_DIRECT_OBJC_ISA_USAGE = YES_ERROR;
				CLANG_WARN_DOCUMENTATION_COMMENTS = YES;
				CLANG_WARN_EMPTY_BODY = YES;
				CLANG_WARN_ENUM_CONVERSION = YES;
				CLANG_WARN_INFINITE_RECURSION = YES;
				CLANG_WARN_INT_CONVERSION = YES;
				CLANG_WARN_NON_LITERAL_NULL_CONVERSION = YES;
				CLANG_WARN_OBJC_IMPLICIT_RETAIN_SELF = YES;
				CLANG_WARN_OBJC_LITERAL_CONVERSION = YES;
				CLANG_WARN_OBJC_ROOT_CLASS = YES_ERROR;
				CLANG_WARN_QUOTED_INCLUDE_IN_FRAMEWORK_HEADER = YES;
				CLANG_WARN_RANGE_LOOP_ANALYSIS = YES;
				CLANG_WARN_STRICT_PROTOTYPES = YES;
				CLANG_WARN_SUSPICIOUS_MOVE = YES;
				CLANG_WARN_UNGUARDED_AVAILABILITY = YES_AGGRESSIVE;
				CLANG_WARN_UNREACHABLE_CODE = YES;
				CLANG_WARN__DUPLICATE_METHOD_MATCH = YES;
				COPY_PHASE_STRIP = NO;
				DEBUG_INFORMATION_FORMAT = "dwarf-with-dsym";
				ENABLE_NS_ASSERTIONS = NO;
				ENABLE_STRICT_OBJC_MSGSEND = YES;
				GCC_C_LANGUAGE_STANDARD = gnu11;
				GCC_NO_COMMON_BLOCKS = YES;
				GCC_WARN_64_TO_32_BIT_CONVERSION = YES;
				GCC_WARN_ABOUT_RETURN_TYPE = YES_ERROR;
				GCC_WARN_UNDECLARED_SELECTOR = YES;
				GCC_WARN_UNINITIALIZED_AUTOS = YES_AGGRESSIVE;
				GCC_WARN_UNUSED_FUNCTION = YES;
				GCC_WARN_UNUSED_VARIABLE = YES;
				IPHONEOS_DEPLOYMENT_TARGET = 15.0;
				MTL_ENABLE_DEBUG_INFO = NO;
				MTL_FAST_MATH = YES;
				SDKROOT = iphoneos;
				SWIFT_COMPILATION_MODE = wholemodule;
				SWIFT_OPTIMIZATION_LEVEL = "-O";
				VALIDATE_PRODUCT = YES;
			};
			name = Release;
		};
		0426C0B327A82017000BBCF1 /* Debug */ = {
			isa = XCBuildConfiguration;
			buildSettings = {
				ASSETCATALOG_COMPILER_APPICON_NAME = AppIcon;
				ASSETCATALOG_COMPILER_GLOBAL_ACCENT_COLOR_NAME = AccentColor;
				CODE_SIGN_STYLE = Automatic;
				CURRENT_PROJECT_VERSION = 1;
				DEVELOPMENT_TEAM = D2QWNM3FJF;
				GENERATE_INFOPLIST_FILE = YES;
				INFOPLIST_FILE = TDD/Info.plist;
				INFOPLIST_KEY_UIApplicationSupportsIndirectInputEvents = YES;
				INFOPLIST_KEY_UILaunchStoryboardName = LaunchScreen;
				INFOPLIST_KEY_UIMainStoryboardFile = Main;
				INFOPLIST_KEY_UISupportedInterfaceOrientations_iPad = "UIInterfaceOrientationPortrait UIInterfaceOrientationPortraitUpsideDown UIInterfaceOrientationLandscapeLeft UIInterfaceOrientationLandscapeRight";
				INFOPLIST_KEY_UISupportedInterfaceOrientations_iPhone = "UIInterfaceOrientationPortrait UIInterfaceOrientationLandscapeLeft UIInterfaceOrientationLandscapeRight";
				LD_RUNPATH_SEARCH_PATHS = (
					"$(inherited)",
					"@executable_path/Frameworks",
				);
				MARKETING_VERSION = 1.0;
				PRODUCT_BUNDLE_IDENTIFIER = com.decagon.justifiedtech.TDD;
				PRODUCT_NAME = "$(TARGET_NAME)";
				SWIFT_EMIT_LOC_STRINGS = YES;
				SWIFT_VERSION = 5.0;
				TARGETED_DEVICE_FAMILY = "1,2";
			};
			name = Debug;
		};
		0426C0B427A82017000BBCF1 /* Release */ = {
			isa = XCBuildConfiguration;
			buildSettings = {
				ASSETCATALOG_COMPILER_APPICON_NAME = AppIcon;
				ASSETCATALOG_COMPILER_GLOBAL_ACCENT_COLOR_NAME = AccentColor;
				CODE_SIGN_STYLE = Automatic;
				CURRENT_PROJECT_VERSION = 1;
				DEVELOPMENT_TEAM = D2QWNM3FJF;
				GENERATE_INFOPLIST_FILE = YES;
				INFOPLIST_FILE = TDD/Info.plist;
				INFOPLIST_KEY_UIApplicationSupportsIndirectInputEvents = YES;
				INFOPLIST_KEY_UILaunchStoryboardName = LaunchScreen;
				INFOPLIST_KEY_UIMainStoryboardFile = Main;
				INFOPLIST_KEY_UISupportedInterfaceOrientations_iPad = "UIInterfaceOrientationPortrait UIInterfaceOrientationPortraitUpsideDown UIInterfaceOrientationLandscapeLeft UIInterfaceOrientationLandscapeRight";
				INFOPLIST_KEY_UISupportedInterfaceOrientations_iPhone = "UIInterfaceOrientationPortrait UIInterfaceOrientationLandscapeLeft UIInterfaceOrientationLandscapeRight";
				LD_RUNPATH_SEARCH_PATHS = (
					"$(inherited)",
					"@executable_path/Frameworks",
				);
				MARKETING_VERSION = 1.0;
				PRODUCT_BUNDLE_IDENTIFIER = com.decagon.justifiedtech.TDD;
				PRODUCT_NAME = "$(TARGET_NAME)";
				SWIFT_EMIT_LOC_STRINGS = YES;
				SWIFT_VERSION = 5.0;
				TARGETED_DEVICE_FAMILY = "1,2";
			};
			name = Release;
		};
		0426C0B627A82017000BBCF1 /* Debug */ = {
			isa = XCBuildConfiguration;
			buildSettings = {
				ALWAYS_EMBED_SWIFT_STANDARD_LIBRARIES = YES;
				BUNDLE_LOADER = "$(TEST_HOST)";
				CODE_SIGN_STYLE = Automatic;
				CURRENT_PROJECT_VERSION = 1;
				DEVELOPMENT_TEAM = D2QWNM3FJF;
				GENERATE_INFOPLIST_FILE = YES;
				IPHONEOS_DEPLOYMENT_TARGET = 15.0;
				LD_RUNPATH_SEARCH_PATHS = (
					"$(inherited)",
					"@executable_path/Frameworks",
					"@loader_path/Frameworks",
				);
				MARKETING_VERSION = 1.0;
				PRODUCT_BUNDLE_IDENTIFIER = com.decagon.justifiedtech.TDDTests;
				PRODUCT_NAME = "$(TARGET_NAME)";
				SWIFT_EMIT_LOC_STRINGS = NO;
				SWIFT_VERSION = 5.0;
				TARGETED_DEVICE_FAMILY = "1,2";
				TEST_HOST = "$(BUILT_PRODUCTS_DIR)/TDD.app/TDD";
			};
			name = Debug;
		};
		0426C0B727A82017000BBCF1 /* Release */ = {
			isa = XCBuildConfiguration;
			buildSettings = {
				ALWAYS_EMBED_SWIFT_STANDARD_LIBRARIES = YES;
				BUNDLE_LOADER = "$(TEST_HOST)";
				CODE_SIGN_STYLE = Automatic;
				CURRENT_PROJECT_VERSION = 1;
				DEVELOPMENT_TEAM = D2QWNM3FJF;
				GENERATE_INFOPLIST_FILE = YES;
				IPHONEOS_DEPLOYMENT_TARGET = 15.0;
				LD_RUNPATH_SEARCH_PATHS = (
					"$(inherited)",
					"@executable_path/Frameworks",
					"@loader_path/Frameworks",
				);
				MARKETING_VERSION = 1.0;
				PRODUCT_BUNDLE_IDENTIFIER = com.decagon.justifiedtech.TDDTests;
				PRODUCT_NAME = "$(TARGET_NAME)";
				SWIFT_EMIT_LOC_STRINGS = NO;
				SWIFT_VERSION = 5.0;
				TARGETED_DEVICE_FAMILY = "1,2";
				TEST_HOST = "$(BUILT_PRODUCTS_DIR)/TDD.app/TDD";
			};
			name = Release;
		};
		0426C0B927A82017000BBCF1 /* Debug */ = {
			isa = XCBuildConfiguration;
			buildSettings = {
				ALWAYS_EMBED_SWIFT_STANDARD_LIBRARIES = YES;
				CODE_SIGN_STYLE = Automatic;
				CURRENT_PROJECT_VERSION = 1;
				DEVELOPMENT_TEAM = D2QWNM3FJF;
				GENERATE_INFOPLIST_FILE = YES;
				LD_RUNPATH_SEARCH_PATHS = (
					"$(inherited)",
					"@executable_path/Frameworks",
					"@loader_path/Frameworks",
				);
				MARKETING_VERSION = 1.0;
				PRODUCT_BUNDLE_IDENTIFIER = com.decagon.justifiedtech.TDDUITests;
				PRODUCT_NAME = "$(TARGET_NAME)";
				SWIFT_EMIT_LOC_STRINGS = NO;
				SWIFT_VERSION = 5.0;
				TARGETED_DEVICE_FAMILY = "1,2";
				TEST_TARGET_NAME = TDD;
			};
			name = Debug;
		};
		0426C0BA27A82017000BBCF1 /* Release */ = {
			isa = XCBuildConfiguration;
			buildSettings = {
				ALWAYS_EMBED_SWIFT_STANDARD_LIBRARIES = YES;
				CODE_SIGN_STYLE = Automatic;
				CURRENT_PROJECT_VERSION = 1;
				DEVELOPMENT_TEAM = D2QWNM3FJF;
				GENERATE_INFOPLIST_FILE = YES;
				LD_RUNPATH_SEARCH_PATHS = (
					"$(inherited)",
					"@executable_path/Frameworks",
					"@loader_path/Frameworks",
				);
				MARKETING_VERSION = 1.0;
				PRODUCT_BUNDLE_IDENTIFIER = com.decagon.justifiedtech.TDDUITests;
				PRODUCT_NAME = "$(TARGET_NAME)";
				SWIFT_EMIT_LOC_STRINGS = NO;
				SWIFT_VERSION = 5.0;
				TARGETED_DEVICE_FAMILY = "1,2";
				TEST_TARGET_NAME = TDD;
			};
			name = Release;
		};
/* End XCBuildConfiguration section */

/* Begin XCConfigurationList section */
		0426C08327A82012000BBCF1 /* Build configuration list for PBXProject "TDD" */ = {
			isa = XCConfigurationList;
			buildConfigurations = (
				0426C0B027A82017000BBCF1 /* Debug */,
				0426C0B127A82017000BBCF1 /* Release */,
			);
			defaultConfigurationIsVisible = 0;
			defaultConfigurationName = Release;
		};
		0426C0B227A82017000BBCF1 /* Build configuration list for PBXNativeTarget "TDD" */ = {
			isa = XCConfigurationList;
			buildConfigurations = (
				0426C0B327A82017000BBCF1 /* Debug */,
				0426C0B427A82017000BBCF1 /* Release */,
			);
			defaultConfigurationIsVisible = 0;
			defaultConfigurationName = Release;
		};
		0426C0B527A82017000BBCF1 /* Build configuration list for PBXNativeTarget "TDDTests" */ = {
			isa = XCConfigurationList;
			buildConfigurations = (
				0426C0B627A82017000BBCF1 /* Debug */,
				0426C0B727A82017000BBCF1 /* Release */,
			);
			defaultConfigurationIsVisible = 0;
			defaultConfigurationName = Release;
		};
		0426C0B827A82017000BBCF1 /* Build configuration list for PBXNativeTarget "TDDUITests" */ = {
			isa = XCConfigurationList;
			buildConfigurations = (
				0426C0B927A82017000BBCF1 /* Debug */,
				0426C0BA27A82017000BBCF1 /* Release */,
			);
			defaultConfigurationIsVisible = 0;
			defaultConfigurationName = Release;
		};
/* End XCConfigurationList section */
	};
	rootObject = 0426C08027A82012000BBCF1 /* Project object */;
}
