// !$*UTF8*$!
{
	archiveVersion = 1;
	classes = {
	};
	objectVersion = 55;
	objects = {

/* Begin PBXBuildFile section */
		041398222734DB0800775E60 /* AppDelegate.swift in Sources */ = {isa = PBXBuildFile; fileRef = 041398212734DB0800775E60 /* AppDelegate.swift */; };
		041398242734DB0800775E60 /* SceneDelegate.swift in Sources */ = {isa = PBXBuildFile; fileRef = 041398232734DB0800775E60 /* SceneDelegate.swift */; };
		041398292734DB0800775E60 /* Main.storyboard in Resources */ = {isa = PBXBuildFile; fileRef = 041398272734DB0800775E60 /* Main.storyboard */; };
		0413982B2734DB0A00775E60 /* Assets.xcassets in Resources */ = {isa = PBXBuildFile; fileRef = 0413982A2734DB0A00775E60 /* Assets.xcassets */; };
		0413982E2734DB0A00775E60 /* LaunchScreen.storyboard in Resources */ = {isa = PBXBuildFile; fileRef = 0413982C2734DB0A00775E60 /* LaunchScreen.storyboard */; };
		041398362734DB4700775E60 /* WeatherScreenController.swift in Sources */ = {isa = PBXBuildFile; fileRef = 041398352734DB4700775E60 /* WeatherScreenController.swift */; };
		041398382735C03000775E60 /* WeatherCellTableViewCell.swift in Sources */ = {isa = PBXBuildFile; fileRef = 041398372735C03000775E60 /* WeatherCellTableViewCell.swift */; };
		0413983F2735CD7C00775E60 /* Weather.swift in Sources */ = {isa = PBXBuildFile; fileRef = 0413983E2735CD7C00775E60 /* Weather.swift */; };
		041398422735E75900775E60 /* WeatherData.swift in Sources */ = {isa = PBXBuildFile; fileRef = 041398412735E75900775E60 /* WeatherData.swift */; };
/* End PBXBuildFile section */

/* Begin PBXFileReference section */
		0413981E2734DB0800775E60 /* WeatherApp.app */ = {isa = PBXFileReference; explicitFileType = wrapper.application; includeInIndex = 0; path = WeatherApp.app; sourceTree = BUILT_PRODUCTS_DIR; };
		041398212734DB0800775E60 /* AppDelegate.swift */ = {isa = PBXFileReference; lastKnownFileType = sourcecode.swift; path = AppDelegate.swift; sourceTree = "<group>"; };
		041398232734DB0800775E60 /* SceneDelegate.swift */ = {isa = PBXFileReference; lastKnownFileType = sourcecode.swift; path = SceneDelegate.swift; sourceTree = "<group>"; };
		041398282734DB0800775E60 /* Base */ = {isa = PBXFileReference; lastKnownFileType = file.storyboard; name = Base; path = Base.lproj/Main.storyboard; sourceTree = "<group>"; };
		0413982A2734DB0A00775E60 /* Assets.xcassets */ = {isa = PBXFileReference; lastKnownFileType = folder.assetcatalog; path = Assets.xcassets; sourceTree = "<group>"; };
		0413982D2734DB0A00775E60 /* Base */ = {isa = PBXFileReference; lastKnownFileType = file.storyboard; name = Base; path = Base.lproj/LaunchScreen.storyboard; sourceTree = "<group>"; };
		0413982F2734DB0A00775E60 /* Info.plist */ = {isa = PBXFileReference; lastKnownFileType = text.plist.xml; path = Info.plist; sourceTree = "<group>"; };
		041398352734DB4700775E60 /* WeatherScreenController.swift */ = {isa = PBXFileReference; lastKnownFileType = sourcecode.swift; path = WeatherScreenController.swift; sourceTree = "<group>"; };
		041398372735C03000775E60 /* WeatherCellTableViewCell.swift */ = {isa = PBXFileReference; lastKnownFileType = sourcecode.swift; path = WeatherCellTableViewCell.swift; sourceTree = "<group>"; };
		0413983E2735CD7C00775E60 /* Weather.swift */ = {isa = PBXFileReference; lastKnownFileType = sourcecode.swift; path = Weather.swift; sourceTree = "<group>"; };
		041398412735E75900775E60 /* WeatherData.swift */ = {isa = PBXFileReference; lastKnownFileType = sourcecode.swift; path = WeatherData.swift; sourceTree = "<group>"; };
/* End PBXFileReference section */

/* Begin PBXFrameworksBuildPhase section */
		0413981B2734DB0800775E60 /* Frameworks */ = {
			isa = PBXFrameworksBuildPhase;
			buildActionMask = 2147483647;
			files = (
			);
			runOnlyForDeploymentPostprocessing = 0;
		};
/* End PBXFrameworksBuildPhase section */

/* Begin PBXGroup section */
		041398152734DB0700775E60 = {
			isa = PBXGroup;
			children = (
				041398202734DB0800775E60 /* WeatherApp */,
				0413981F2734DB0800775E60 /* Products */,
			);
			sourceTree = "<group>";
		};
		0413981F2734DB0800775E60 /* Products */ = {
			isa = PBXGroup;
			children = (
				0413981E2734DB0800775E60 /* WeatherApp.app */,
			);
			name = Products;
			sourceTree = "<group>";
		};
		041398202734DB0800775E60 /* WeatherApp */ = {
			isa = PBXGroup;
			children = (
				0413983A2735CCAA00775E60 /* App */,
				041398402735CD8800775E60 /* Model */,
				0413983D2735CD1500775E60 /* Controller */,
				0413983C2735CD0200775E60 /* View */,
				041398392735CC7800775E60 /* Resources */,
				041398432735E77500775E60 /* Data */,
				0413982F2734DB0A00775E60 /* Info.plist */,
			);
			path = WeatherApp;
			sourceTree = "<group>";
		};
		041398392735CC7800775E60 /* Resources */ = {
			isa = PBXGroup;
			children = (
				041398272734DB0800775E60 /* Main.storyboard */,
				0413982A2734DB0A00775E60 /* Assets.xcassets */,
				0413982C2734DB0A00775E60 /* LaunchScreen.storyboard */,
			);
			path = Resources;
			sourceTree = "<group>";
		};
		0413983A2735CCAA00775E60 /* App */ = {
			isa = PBXGroup;
			children = (
				041398212734DB0800775E60 /* AppDelegate.swift */,
				041398232734DB0800775E60 /* SceneDelegate.swift */,
			);
			path = App;
			sourceTree = "<group>";
		};
		0413983C2735CD0200775E60 /* View */ = {
			isa = PBXGroup;
			children = (
				041398372735C03000775E60 /* WeatherCellTableViewCell.swift */,
			);
			path = View;
			sourceTree = "<group>";
		};
		0413983D2735CD1500775E60 /* Controller */ = {
			isa = PBXGroup;
			children = (
				041398352734DB4700775E60 /* WeatherScreenController.swift */,
			);
			path = Controller;
			sourceTree = "<group>";
		};
		041398402735CD8800775E60 /* Model */ = {
			isa = PBXGroup;
			children = (
				0413983E2735CD7C00775E60 /* Weather.swift */,
			);
			path = Model;
			sourceTree = "<group>";
		};
		041398432735E77500775E60 /* Data */ = {
			isa = PBXGroup;
			children = (
				041398412735E75900775E60 /* WeatherData.swift */,
			);
			path = Data;
			sourceTree = "<group>";
		};
/* End PBXGroup section */

/* Begin PBXNativeTarget section */
		0413981D2734DB0800775E60 /* WeatherApp */ = {
			isa = PBXNativeTarget;
			buildConfigurationList = 041398322734DB0A00775E60 /* Build configuration list for PBXNativeTarget "WeatherApp" */;
			buildPhases = (
				0413981A2734DB0800775E60 /* Sources */,
				0413981B2734DB0800775E60 /* Frameworks */,
				0413981C2734DB0800775E60 /* Resources */,
			);
			buildRules = (
			);
			dependencies = (
			);
			name = WeatherApp;
			productName = WeatherApp;
			productReference = 0413981E2734DB0800775E60 /* WeatherApp.app */;
			productType = "com.apple.product-type.application";
		};
/* End PBXNativeTarget section */

/* Begin PBXProject section */
		041398162734DB0700775E60 /* Project object */ = {
			isa = PBXProject;
			attributes = {
				BuildIndependentTargetsInParallel = 1;
				LastSwiftUpdateCheck = 1300;
				LastUpgradeCheck = 1300;
				TargetAttributes = {
					0413981D2734DB0800775E60 = {
						CreatedOnToolsVersion = 13.0;
					};
				};
			};
			buildConfigurationList = 041398192734DB0700775E60 /* Build configuration list for PBXProject "WeatherApp" */;
			compatibilityVersion = "Xcode 13.0";
			developmentRegion = en;
			hasScannedForEncodings = 0;
			knownRegions = (
				en,
				Base,
			);
			mainGroup = 041398152734DB0700775E60;
			productRefGroup = 0413981F2734DB0800775E60 /* Products */;
			projectDirPath = "";
			projectRoot = "";
			targets = (
				0413981D2734DB0800775E60 /* WeatherApp */,
			);
		};
/* End PBXProject section */

/* Begin PBXResourcesBuildPhase section */
		0413981C2734DB0800775E60 /* Resources */ = {
			isa = PBXResourcesBuildPhase;
			buildActionMask = 2147483647;
			files = (
				0413982E2734DB0A00775E60 /* LaunchScreen.storyboard in Resources */,
				0413982B2734DB0A00775E60 /* Assets.xcassets in Resources */,
				041398292734DB0800775E60 /* Main.storyboard in Resources */,
			);
			runOnlyForDeploymentPostprocessing = 0;
		};
/* End PBXResourcesBuildPhase section */

/* Begin PBXSourcesBuildPhase section */
		0413981A2734DB0800775E60 /* Sources */ = {
			isa = PBXSourcesBuildPhase;
			buildActionMask = 2147483647;
			files = (
				041398382735C03000775E60 /* WeatherCellTableViewCell.swift in Sources */,
				041398362734DB4700775E60 /* WeatherScreenController.swift in Sources */,
				041398222734DB0800775E60 /* AppDelegate.swift in Sources */,
				041398242734DB0800775E60 /* SceneDelegate.swift in Sources */,
				041398422735E75900775E60 /* WeatherData.swift in Sources */,
				0413983F2735CD7C00775E60 /* Weather.swift in Sources */,
			);
			runOnlyForDeploymentPostprocessing = 0;
		};
/* End PBXSourcesBuildPhase section */

/* Begin PBXVariantGroup section */
		041398272734DB0800775E60 /* Main.storyboard */ = {
			isa = PBXVariantGroup;
			children = (
				041398282734DB0800775E60 /* Base */,
			);
			name = Main.storyboard;
			sourceTree = "<group>";
		};
		0413982C2734DB0A00775E60 /* LaunchScreen.storyboard */ = {
			isa = PBXVariantGroup;
			children = (
				0413982D2734DB0A00775E60 /* Base */,
			);
			name = LaunchScreen.storyboard;
			sourceTree = "<group>";
		};
/* End PBXVariantGroup section */

/* Begin XCBuildConfiguration section */
		041398302734DB0A00775E60 /* Debug */ = {
			isa = XCBuildConfiguration;
			buildSettings = {
				ALWAYS_SEARCH_USER_PATHS = NO;
				CLANG_ANALYZER_NONNULL = YES;
				CLANG_ANALYZER_NUMBER_OBJECT_CONVERSION = YES_AGGRESSIVE;
				CLANG_CXX_LANGUAGE_STANDARD = "gnu++17";
				CLANG_CXX_LIBRARY = "libc++";
				CLANG_ENABLE_MODULES = YES;
				CLANG_ENABLE_OBJC_ARC = YES;
				CLANG_ENABLE_OBJC_WEAK = YES;
				CLANG_WARN_BLOCK_CAPTURE_AUTORELEASING = YES;
				CLANG_WARN_BOOL_CONVERSION = YES;
				CLANG_WARN_COMMA = YES;
				CLANG_WARN_CONSTANT_CONVERSION = YES;
				CLANG_WARN_DEPRECATED_OBJC_IMPLEMENTATIONS = YES;
				CLANG_WARN_DIRECT_OBJC_ISA_USAGE = YES_ERROR;
				CLANG_WARN_DOCUMENTATION_COMMENTS = YES;
				CLANG_WARN_EMPTY_BODY = YES;
				CLANG_WARN_ENUM_CONVERSION = YES;
				CLANG_WARN_INFINITE_RECURSION = YES;
				CLANG_WARN_INT_CONVERSION = YES;
				CLANG_WARN_NON_LITERAL_NULL_CONVERSION = YES;
				CLANG_WARN_OBJC_IMPLICIT_RETAIN_SELF = YES;
				CLANG_WARN_OBJC_LITERAL_CONVERSION = YES;
				CLANG_WARN_OBJC_ROOT_CLASS = YES_ERROR;
				CLANG_WARN_QUOTED_INCLUDE_IN_FRAMEWORK_HEADER = YES;
				CLANG_WARN_RANGE_LOOP_ANALYSIS = YES;
				CLANG_WARN_STRICT_PROTOTYPES = YES;
				CLANG_WARN_SUSPICIOUS_MOVE = YES;
				CLANG_WARN_UNGUARDED_AVAILABILITY = YES_AGGRESSIVE;
				CLANG_WARN_UNREACHABLE_CODE = YES;
				CLANG_WARN__DUPLICATE_METHOD_MATCH = YES;
				COPY_PHASE_STRIP = NO;
				DEBUG_INFORMATION_FORMAT = dwarf;
				ENABLE_STRICT_OBJC_MSGSEND = YES;
				ENABLE_TESTABILITY = YES;
				GCC_C_LANGUAGE_STANDARD = gnu11;
				GCC_DYNAMIC_NO_PIC = NO;
				GCC_NO_COMMON_BLOCKS = YES;
				GCC_OPTIMIZATION_LEVEL = 0;
				GCC_PREPROCESSOR_DEFINITIONS = (
					"DEBUG=1",
					"$(inherited)",
				);
				GCC_WARN_64_TO_32_BIT_CONVERSION = YES;
				GCC_WARN_ABOUT_RETURN_TYPE = YES_ERROR;
				GCC_WARN_UNDECLARED_SELECTOR = YES;
				GCC_WARN_UNINITIALIZED_AUTOS = YES_AGGRESSIVE;
				GCC_WARN_UNUSED_FUNCTION = YES;
				GCC_WARN_UNUSED_VARIABLE = YES;
				IPHONEOS_DEPLOYMENT_TARGET = 15.0;
				MTL_ENABLE_DEBUG_INFO = INCLUDE_SOURCE;
				MTL_FAST_MATH = YES;
				ONLY_ACTIVE_ARCH = YES;
				SDKROOT = iphoneos;
				SWIFT_ACTIVE_COMPILATION_CONDITIONS = DEBUG;
				SWIFT_OPTIMIZATION_LEVEL = "-Onone";
			};
			name = Debug;
		};
		041398312734DB0A00775E60 /* Release */ = {
			isa = XCBuildConfiguration;
			buildSettings = {
				ALWAYS_SEARCH_USER_PATHS = NO;
				CLANG_ANALYZER_NONNULL = YES;
				CLANG_ANALYZER_NUMBER_OBJECT_CONVERSION = YES_AGGRESSIVE;
				CLANG_CXX_LANGUAGE_STANDARD = "gnu++17";
				CLANG_CXX_LIBRARY = "libc++";
				CLANG_ENABLE_MODULES = YES;
				CLANG_ENABLE_OBJC_ARC = YES;
				CLANG_ENABLE_OBJC_WEAK = YES;
				CLANG_WARN_BLOCK_CAPTURE_AUTORELEASING = YES;
				CLANG_WARN_BOOL_CONVERSION = YES;
				CLANG_WARN_COMMA = YES;
				CLANG_WARN_CONSTANT_CONVERSION = YES;
				CLANG_WARN_DEPRECATED_OBJC_IMPLEMENTATIONS = YES;
				CLANG_WARN_DIRECT_OBJC_ISA_USAGE = YES_ERROR;
				CLANG_WARN_DOCUMENTATION_COMMENTS = YES;
				CLANG_WARN_EMPTY_BODY = YES;
				CLANG_WARN_ENUM_CONVERSION = YES;
				CLANG_WARN_INFINITE_RECURSION = YES;
				CLANG_WARN_INT_CONVERSION = YES;
				CLANG_WARN_NON_LITERAL_NULL_CONVERSION = YES;
				CLANG_WARN_OBJC_IMPLICIT_RETAIN_SELF = YES;
				CLANG_WARN_OBJC_LITERAL_CONVERSION = YES;
				CLANG_WARN_OBJC_ROOT_CLASS = YES_ERROR;
				CLANG_WARN_QUOTED_INCLUDE_IN_FRAMEWORK_HEADER = YES;
				CLANG_WARN_RANGE_LOOP_ANALYSIS = YES;
				CLANG_WARN_STRICT_PROTOTYPES = YES;
				CLANG_WARN_SUSPICIOUS_MOVE = YES;
				CLANG_WARN_UNGUARDED_AVAILABILITY = YES_AGGRESSIVE;
				CLANG_WARN_UNREACHABLE_CODE = YES;
				CLANG_WARN__DUPLICATE_METHOD_MATCH = YES;
				COPY_PHASE_STRIP = NO;
				DEBUG_INFORMATION_FORMAT = "dwarf-with-dsym";
				ENABLE_NS_ASSERTIONS = NO;
				ENABLE_STRICT_OBJC_MSGSEND = YES;
				GCC_C_LANGUAGE_STANDARD = gnu11;
				GCC_NO_COMMON_BLOCKS = YES;
				GCC_WARN_64_TO_32_BIT_CONVERSION = YES;
				GCC_WARN_ABOUT_RETURN_TYPE = YES_ERROR;
				GCC_WARN_UNDECLARED_SELECTOR = YES;
				GCC_WARN_UNINITIALIZED_AUTOS = YES_AGGRESSIVE;
				GCC_WARN_UNUSED_FUNCTION = YES;
				GCC_WARN_UNUSED_VARIABLE = YES;
				IPHONEOS_DEPLOYMENT_TARGET = 15.0;
				MTL_ENABLE_DEBUG_INFO = NO;
				MTL_FAST_MATH = YES;
				SDKROOT = iphoneos;
				SWIFT_COMPILATION_MODE = wholemodule;
				SWIFT_OPTIMIZATION_LEVEL = "-O";
				VALIDATE_PRODUCT = YES;
			};
			name = Release;
		};
		041398332734DB0A00775E60 /* Debug */ = {
			isa = XCBuildConfiguration;
			buildSettings = {
				ASSETCATALOG_COMPILER_APPICON_NAME = AppIcon;
				ASSETCATALOG_COMPILER_GLOBAL_ACCENT_COLOR_NAME = AccentColor;
				CODE_SIGN_STYLE = Automatic;
				CURRENT_PROJECT_VERSION = 1;
				GENERATE_INFOPLIST_FILE = YES;
				INFOPLIST_FILE = WeatherApp/Info.plist;
				INFOPLIST_KEY_UIApplicationSupportsIndirectInputEvents = YES;
				INFOPLIST_KEY_UILaunchStoryboardName = LaunchScreen;
				INFOPLIST_KEY_UIMainStoryboardFile = Main;
				INFOPLIST_KEY_UISupportedInterfaceOrientations_iPad = "UIInterfaceOrientationPortrait UIInterfaceOrientationPortraitUpsideDown UIInterfaceOrientationLandscapeLeft UIInterfaceOrientationLandscapeRight";
				INFOPLIST_KEY_UISupportedInterfaceOrientations_iPhone = "UIInterfaceOrientationPortrait UIInterfaceOrientationLandscapeLeft UIInterfaceOrientationLandscapeRight";
				LD_RUNPATH_SEARCH_PATHS = (
					"$(inherited)",
					"@executable_path/Frameworks",
				);
				MARKETING_VERSION = 1.0;
				PRODUCT_BUNDLE_IDENTIFIER = com.decagon.justifiedtech.WeatherApp;
				PRODUCT_NAME = "$(TARGET_NAME)";
				SWIFT_EMIT_LOC_STRINGS = YES;
				SWIFT_VERSION = 5.0;
				TARGETED_DEVICE_FAMILY = "1,2";
			};
			name = Debug;
		};
		041398342734DB0A00775E60 /* Release */ = {
			isa = XCBuildConfiguration;
			buildSettings = {
				ASSETCATALOG_COMPILER_APPICON_NAME = AppIcon;
				ASSETCATALOG_COMPILER_GLOBAL_ACCENT_COLOR_NAME = AccentColor;
				CODE_SIGN_STYLE = Automatic;
				CURRENT_PROJECT_VERSION = 1;
				GENERATE_INFOPLIST_FILE = YES;
				INFOPLIST_FILE = WeatherApp/Info.plist;
				INFOPLIST_KEY_UIApplicationSupportsIndirectInputEvents = YES;
				INFOPLIST_KEY_UILaunchStoryboardName = LaunchScreen;
				INFOPLIST_KEY_UIMainStoryboardFile = Main;
				INFOPLIST_KEY_UISupportedInterfaceOrientations_iPad = "UIInterfaceOrientationPortrait UIInterfaceOrientationPortraitUpsideDown UIInterfaceOrientationLandscapeLeft UIInterfaceOrientationLandscapeRight";
				INFOPLIST_KEY_UISupportedInterfaceOrientations_iPhone = "UIInterfaceOrientationPortrait UIInterfaceOrientationLandscapeLeft UIInterfaceOrientationLandscapeRight";
				LD_RUNPATH_SEARCH_PATHS = (
					"$(inherited)",
					"@executable_path/Frameworks",
				);
				MARKETING_VERSION = 1.0;
				PRODUCT_BUNDLE_IDENTIFIER = com.decagon.justifiedtech.WeatherApp;
				PRODUCT_NAME = "$(TARGET_NAME)";
				SWIFT_EMIT_LOC_STRINGS = YES;
				SWIFT_VERSION = 5.0;
				TARGETED_DEVICE_FAMILY = "1,2";
			};
			name = Release;
		};
/* End XCBuildConfiguration section */

/* Begin XCConfigurationList section */
		041398192734DB0700775E60 /* Build configuration list for PBXProject "WeatherApp" */ = {
			isa = XCConfigurationList;
			buildConfigurations = (
				041398302734DB0A00775E60 /* Debug */,
				041398312734DB0A00775E60 /* Release */,
			);
			defaultConfigurationIsVisible = 0;
			defaultConfigurationName = Release;
		};
		041398322734DB0A00775E60 /* Build configuration list for PBXNativeTarget "WeatherApp" */ = {
			isa = XCConfigurationList;
			buildConfigurations = (
				041398332734DB0A00775E60 /* Debug */,
				041398342734DB0A00775E60 /* Release */,
			);
			defaultConfigurationIsVisible = 0;
			defaultConfigurationName = Release;
		};
/* End XCConfigurationList section */
	};
	rootObject = 041398162734DB0700775E60 /* Project object */;
}
